
Microsoft Visual Studio Solution File, Format Version 12.00
# Visual Studio 15
VisualStudioVersion = 15.0.26430.16
MinimumVisualStudioVersion = 10.0.40219.1
Project("{FAE04EC0-301F-11D3-BF4B-00C04F79EFBC}") = "WpfApp", "WpfApp\WpfApp.csproj", "{CE429A85-8B11-4E50-8514-0A6887011A18}"
EndProject
Project("{FAE04EC0-301F-11D3-BF4B-00C04F79EFBC}") = "UnitTestProject1", "UnitTestProject1\UnitTestProject1.csproj", "{89843F19-EACD-43DE-A28C-6B83225E6A15}"
EndProject
Global
	GlobalSection(SolutionConfigurationPlatforms) = preSolution
		Debug|Any CPU = Debug|Any CPU
		Release|Any CPU = Release|Any CPU
	EndGlobalSection
	GlobalSection(ProjectConfigurationPlatforms) = postSolution
		{CE429A85-8B11-4E50-8514-0A6887011A18}.Debug|Any CPU.ActiveCfg = Debug|Any CPU
		{CE429A85-8B11-4E50-8514-0A6887011A18}.Debug|Any CPU.Build.0 = Debug|Any CPU
		{CE429A85-8B11-4E50-8514-0A6887011A18}.Release|Any CPU.ActiveCfg = Release|Any CPU
		{CE429A85-8B11-4E50-8514-0A6887011A18}.Release|Any CPU.Build.0 = Release|Any CPU
		{89843F19-EACD-43DE-A28C-6B83225E6A15}.Debug|Any CPU.ActiveCfg = Debug|Any CPU
		{89843F19-EACD-43DE-A28C-6B83225E6A15}.Debug|Any CPU.Build.0 = Debug|Any CPU
		{89843F19-EACD-43DE-A28C-6B83225E6A15}.Release|Any CPU.ActiveCfg = Release|Any CPU
		{89843F19-EACD-43DE-A28C-6B83225E6A15}.Release|Any CPU.Build.0 = Release|Any CPU
	EndGlobalSection
	GlobalSection(SolutionProperties) = preSolution
		HideSolutionNode = FALSE
	EndGlobalSection
	GlobalSection(ExtensibilityGlobals) = postSolution
		SolutionGuid = {F6B0B4A8-B19A-4160-B52E-B1BD7F7C0C55}
	EndGlobalSection
EndGlobal
