
Microsoft Visual Studio Solution File, Format Version 12.00
# Visual Studio 15
VisualStudioVersion = 15.0.28010.2048
MinimumVisualStudioVersion = 10.0.40219.1
Project("{FAE04EC0-301F-11D3-BF4B-00C04F79EFBC}") = "ADO.NET", "ADO.NET\ADO.NET.csproj", "{BCB1AC8D-EFC4-438E-9CB1-84986778333A}"
EndProject
Global
	GlobalSection(SolutionConfigurationPlatforms) = preSolution
		Debug|Any CPU = Debug|Any CPU
		Release|Any CPU = Release|Any CPU
	EndGlobalSection
	GlobalSection(ProjectConfigurationPlatforms) = postSolution
		{BCB1AC8D-EFC4-438E-9CB1-84986778333A}.Debug|Any CPU.ActiveCfg = Debug|Any CPU
		{BCB1AC8D-EFC4-438E-9CB1-84986778333A}.Debug|Any CPU.Build.0 = Debug|Any CPU
		{BCB1AC8D-EFC4-438E-9CB1-84986778333A}.Release|Any CPU.ActiveCfg = Release|Any CPU
		{BCB1AC8D-EFC4-438E-9CB1-84986778333A}.Release|Any CPU.Build.0 = Release|Any CPU
	EndGlobalSection
	GlobalSection(SolutionProperties) = preSolution
		HideSolutionNode = FALSE
	EndGlobalSection
	GlobalSection(ExtensibilityGlobals) = postSolution
		SolutionGuid = {6E82779B-36D2-4A2F-B2A9-C43A9EAD220E}
	EndGlobalSection
EndGlobal
